
Microsoft Visual Studio Solution File, Format Version 12.00
# Visual Studio Version 16
VisualStudioVersion = 16.0.30011.22
MinimumVisualStudioVersion = 10.0.40219.1
Project("{778DAE3C-4631-46EA-AA77-85C1314464D9}") = "Dynamensions.Utilities.Geography", "Dynamensions.Utilities.Geography\Dynamensions.Utilities.Geography.vbproj", "{A8C9A244-D0B6-4563-81A2-F72D107548D5}"
EndProject
Project("{F184B08F-C81C-45F6-A57F-5ABD9991F28F}") = "Dynamensions.Utilities.Geography.Tests", "Dynamensions.Utilities.Geography.Tests\Dynamensions.Utilities.Geography.Tests.vbproj", "{397B7F44-4437-4EC6-A52A-FEC097D50EEC}"
EndProject
Global
	GlobalSection(SolutionConfigurationPlatforms) = preSolution
		Debug|Any CPU = Debug|Any CPU
		Release|Any CPU = Release|Any CPU
	EndGlobalSection
	GlobalSection(ProjectConfigurationPlatforms) = postSolution
		{A8C9A244-D0B6-4563-81A2-F72D107548D5}.Debug|Any CPU.ActiveCfg = Debug|Any CPU
		{A8C9A244-D0B6-4563-81A2-F72D107548D5}.Debug|Any CPU.Build.0 = Debug|Any CPU
		{A8C9A244-D0B6-4563-81A2-F72D107548D5}.Release|Any CPU.ActiveCfg = Release|Any CPU
		{A8C9A244-D0B6-4563-81A2-F72D107548D5}.Release|Any CPU.Build.0 = Release|Any CPU
		{397B7F44-4437-4EC6-A52A-FEC097D50EEC}.Debug|Any CPU.ActiveCfg = Debug|Any CPU
		{397B7F44-4437-4EC6-A52A-FEC097D50EEC}.Debug|Any CPU.Build.0 = Debug|Any CPU
		{397B7F44-4437-4EC6-A52A-FEC097D50EEC}.Release|Any CPU.ActiveCfg = Release|Any CPU
		{397B7F44-4437-4EC6-A52A-FEC097D50EEC}.Release|Any CPU.Build.0 = Release|Any CPU
	EndGlobalSection
	GlobalSection(SolutionProperties) = preSolution
		HideSolutionNode = FALSE
	EndGlobalSection
	GlobalSection(ExtensibilityGlobals) = postSolution
		SolutionGuid = {08AB4F93-3CEF-4F3B-B052-69F6F8379258}
	EndGlobalSection
EndGlobal
